{
  "version": "5",
  "specifiers": {
    "jsr:@std/assert@1": "1.0.19",
    "jsr:@std/internal@^1.0.12": "1.0.14",
    "npm:@sentry/deno@8.55.2": "8.55.2"
  },
  "jsr": {
    "@std/assert@1.0.19": {
      "integrity": "eaada96ee120cb980bc47e040f82814d786fe8162ecc53c91d8df60b8755991e",
      "dependencies": [
        "jsr:@std/internal"
      ]
    },
    "@std/internal@1.0.14": {
      "integrity": "291516b3d4c35024d6ffbc0a9df5bf4c64116e05b50012cf846710152d2ffdf7"
    }
  },
  "npm": {
    "@sentry/core@8.55.2": {
      "integrity": "sha512-YlEBwybUcOQ/KjMHDmof1vwweVnBtBxYlQp7DE3fOdtW4pqqdHWTnTntQs4VgYfxzjJYgtkd9LHlGtg8qy+JVQ=="
    },
    "@sentry/deno@8.55.2": {
      "integrity": "sha512-IR0gmxsPq1pLFvF5Airqh53N52YHILuTisE8zr5sFCktun7Z0SlJqnpXwaj2hW111Pg61f3ttizzPi7LSy5igg==",
      "dependencies": [
        "@sentry/core"
      ]
    }
  },
  "redirects": {
    "https://esm.sh/@supabase/functions-js@^2.1.5?target=denonext": "https://esm.sh/@supabase/functions-js@2.98.0?target=denonext",
    "https://esm.sh/@supabase/gotrue-js@^2.60.0?target=denonext": "https://esm.sh/@supabase/gotrue-js@2.98.0?target=denonext",
    "https://esm.sh/@supabase/node-fetch@^2.6.14?target=denonext": "https://esm.sh/@supabase/node-fetch@2.6.15?target=denonext",
    "https://esm.sh/@supabase/postgrest-js@^1.9.0?target=denonext": "https://esm.sh/@supabase/postgrest-js@1.21.4?target=denonext",
    "https://esm.sh/@supabase/realtime-js@^2.9.3?target=denonext": "https://esm.sh/@supabase/realtime-js@2.98.0?target=denonext",
    "https://esm.sh/@supabase/storage-js@^2.5.4?target=denonext": "https://esm.sh/@supabase/storage-js@2.98.0?target=denonext",
    "https://esm.sh/@types/mustache@~4.2.6/index.d.mts": "https://esm.sh/@types/mustache@4.2.6/index.d.mts",
    "https://esm.sh/fast-deep-equal@^3.1.1?target=denonext": "https://esm.sh/fast-deep-equal@3.1.3?target=denonext",
    "https://esm.sh/iceberg-js@^0.8.1?target=denonext": "https://esm.sh/iceberg-js@0.8.1?target=denonext",
    "https://esm.sh/json-schema-traverse@^1.0.0?target=denonext": "https://esm.sh/json-schema-traverse@1.0.0?target=denonext",
    "https://esm.sh/tr46@~0.0.3?target=denonext": "https://esm.sh/tr46@0.0.3?target=denonext",
    "https://esm.sh/uri-js@^4.2.2?target=denonext": "https://esm.sh/uri-js@4.4.1?target=denonext",
    "https://esm.sh/webidl-conversions@^3.0.0?target=denonext": "https://esm.sh/webidl-conversions@3.0.1?target=denonext",
    "https://esm.sh/whatwg-url@^5.0.0?target=denonext": "https://esm.sh/whatwg-url@5.0.0?target=denonext"
  },
  "remote": {
    "https://deno.land/std@0.168.0/_util/asserts.ts": "d0844e9b62510f89ce1f9878b046f6a57bf88f208a10304aab50efcb48365272",
    "https://deno.land/std@0.168.0/_util/os.ts": "8a33345f74990e627b9dfe2de9b040004b08ea5146c7c9e8fe9a29070d193934",
    "https://deno.land/std@0.168.0/async/abortable.ts": "80b2ac399f142cc528f95a037a7d0e653296352d95c681e284533765961de409",
    "https://deno.land/std@0.168.0/async/deadline.ts": "2c2deb53c7c28ca1dda7a3ad81e70508b1ebc25db52559de6b8636c9278fd41f",
    "https://deno.land/std@0.168.0/async/debounce.ts": "60301ffb37e730cd2d6f9dadfd0ecb2a38857681bd7aaf6b0a106b06e5210a98",
    "https://deno.land/std@0.168.0/async/deferred.ts": "77d3f84255c3627f1cc88699d8472b664d7635990d5358c4351623e098e917d6",
    "https://deno.land/std@0.168.0/async/delay.ts": "5a9bfba8de38840308a7a33786a0155a7f6c1f7a859558ddcec5fe06e16daf57",
    "https://deno.land/std@0.168.0/async/mod.ts": "7809ad4bb223e40f5fdc043e5c7ca04e0e25eed35c32c3c32e28697c553fa6d9",
    "https://deno.land/std@0.168.0/async/mux_async_iterator.ts": "770a0ff26c59f8bbbda6b703a2235f04e379f73238e8d66a087edc68c2a2c35f",
    "https://deno.land/std@0.168.0/async/pool.ts": "6854d8cd675a74c73391c82005cbbe4cc58183bddcd1fbbd7c2bcda42b61cf69",
    "https://deno.land/std@0.168.0/async/retry.ts": "e8e5173623915bbc0ddc537698fa418cf875456c347eda1ed453528645b42e67",
    "https://deno.land/std@0.168.0/async/tee.ts": "3a47cc4e9a940904fd4341f0224907e199121c80b831faa5ec2b054c6d2eff5e",
    "https://deno.land/std@0.168.0/fmt/colors.ts": "03ad95e543d2808bc43c17a3dd29d25b43d0f16287fe562a0be89bf632454a12",
    "https://deno.land/std@0.168.0/http/server.ts": "e99c1bee8a3f6571ee4cdeb2966efad465b8f6fe62bec1bdb59c1f007cc4d155",
    "https://deno.land/std@0.168.0/path/_constants.ts": "df1db3ffa6dd6d1252cc9617e5d72165cd2483df90e93833e13580687b6083c3",
    "https://deno.land/std@0.168.0/path/_interface.ts": "ee3b431a336b80cf445441109d089b70d87d5e248f4f90ff906820889ecf8d09",
    "https://deno.land/std@0.168.0/path/_util.ts": "d16be2a16e1204b65f9d0dfc54a9bc472cafe5f4a190b3c8471ec2016ccd1677",
    "https://deno.land/std@0.168.0/path/common.ts": "bee563630abd2d97f99d83c96c2fa0cca7cee103e8cb4e7699ec4d5db7bd2633",
    "https://deno.land/std@0.168.0/path/glob.ts": "81cc6c72be002cd546c7a22d1f263f82f63f37fe0035d9726aa96fc8f6e4afa1",
    "https://deno.land/std@0.168.0/path/mod.ts": "cf7cec7ac11b7048bb66af8ae03513e66595c279c65cfa12bfc07d9599608b78",
    "https://deno.land/std@0.168.0/path/posix.ts": "b859684bc4d80edfd4cad0a82371b50c716330bed51143d6dcdbe59e6278b30c",
    "https://deno.land/std@0.168.0/path/separator.ts": "fe1816cb765a8068afb3e8f13ad272351c85cbc739af56dacfc7d93d710fe0f9",
    "https://deno.land/std@0.168.0/path/win32.ts": "7cebd2bda6657371adc00061a1d23fdd87bcdf64b4843bb148b0b24c11b40f69",
    "https://deno.land/std@0.168.0/testing/_diff.ts": "a23e7fc2b4d8daa3e158fa06856bedf5334ce2a2831e8bf9e509717f455adb2c",
    "https://deno.land/std@0.168.0/testing/_format.ts": "cd11136e1797791045e639e9f0f4640d5b4166148796cad37e6ef75f7d7f3832",
    "https://deno.land/std@0.168.0/testing/asserts.ts": "51353e79437361d4b02d8e32f3fc83b22231bc8f8d4c841d86fd32b0b0afe940",
    "https://deno.land/std@0.99.0/_util/assert.ts": "2f868145a042a11d5ad0a3c748dcf580add8a0dbc0e876eaa0026303a5488f58",
    "https://deno.land/std@0.99.0/_util/os.ts": "e282950a0eaa96760c0cf11e7463e66babd15ec9157d4c9ed49cc0925686f6a7",
    "https://deno.land/std@0.99.0/path/_constants.ts": "1247fee4a79b70c89f23499691ef169b41b6ccf01887a0abd131009c5581b853",
    "https://deno.land/std@0.99.0/path/_interface.ts": "1fa73b02aaa24867e481a48492b44f2598cd9dfa513c7b34001437007d3642e4",
    "https://deno.land/std@0.99.0/path/_util.ts": "2e06a3b9e79beaf62687196bd4b60a4c391d862cfa007a20fc3a39f778ba073b",
    "https://deno.land/std@0.99.0/path/common.ts": "eaf03d08b569e8a87e674e4e265e099f237472b6fd135b3cbeae5827035ea14a",
    "https://deno.land/std@0.99.0/path/glob.ts": "314ad9ff263b895795208cdd4d5e35a44618ca3c6dd155e226fb15d065008652",
    "https://deno.land/std@0.99.0/path/mod.ts": "4465dc494f271b02569edbb4a18d727063b5dbd6ed84283ff906260970a15d12",
    "https://deno.land/std@0.99.0/path/posix.ts": "f56c3c99feb47f30a40ce9d252ef6f00296fa7c0fcb6dd81211bdb3b8b99ca3b",
    "https://deno.land/std@0.99.0/path/separator.ts": "8fdcf289b1b76fd726a508f57d3370ca029ae6976fcde5044007f062e643ff1c",
    "https://deno.land/std@0.99.0/path/win32.ts": "77f7b3604e0de40f3a7c698e8a79e7f601dc187035a1c21cb1e596666ce112f8",
    "https://deno.land/x/media_types@v2.9.0/db.ts": "ba39cddbcefce47d577c0529066787a3a7b39d27750a6d32b5ad53ed487e7b7b",
    "https://deno.land/x/media_types@v2.9.0/deps.ts": "364b24c35845cfd5c6903ab22b8ba9873bf1022bbbf6bf3d001695332d4bbb4f",
    "https://deno.land/x/media_types@v2.9.0/mod.ts": "d63583b978d32eff8b76e1ae5d83cba2fb27baa90cc1bcb0ad15a06122ea8c19",
    "https://deno.land/x/xhr@0.1.0/mod.ts": "5200325d879e571961f0927e8e32e66fd33f4ba0d29a219560cf9e0fe9bc6cdf",
    "https://esm.sh/@supabase/functions-js@2.98.0/denonext/functions-js.mjs": "65f1bc17c5af85234d9bfbc0f8a14c452b0d516d62dd23872662ec08adf91998",
    "https://esm.sh/@supabase/functions-js@2.98.0?target=denonext": "5761146bfc9e0e2ceaea85f8bc5a4a8c0425641fe300dcf6c145769255cb9e92",
    "https://esm.sh/@supabase/gotrue-js@2.98.0/denonext/gotrue-js.mjs": "3bd68242efee408cb0582e7bf64ba93260b474384054a9646c726f9477a67075",
    "https://esm.sh/@supabase/gotrue-js@2.98.0?target=denonext": "1da2c847c4985335cc600e7ba1175c62c98b645cd7e9681822227db312522768",
    "https://esm.sh/@supabase/node-fetch@2.6.15/denonext/node-fetch.mjs": "0bae9052231f4f6dbccc7234d05ea96923dbf967be12f402764580b6bf9f713d",
    "https://esm.sh/@supabase/node-fetch@2.6.15?target=denonext": "4d28c4ad97328403184353f68434f2b6973971507919e9150297413664919cf3",
    "https://esm.sh/@supabase/postgrest-js@1.21.4/denonext/postgrest-js.mjs": "c3769b11ef02debc78ecf6ab4e152d3cf7dbd05bbbafeb72c160e76cc57cda3c",
    "https://esm.sh/@supabase/postgrest-js@1.21.4?target=denonext": "db2315bc0ff19690cd4239c5adb5f5787f5dea04955058ef1fca541d49555ed6",
    "https://esm.sh/@supabase/realtime-js@2.98.0/denonext/realtime-js.mjs": "c7490d09c983cfccf2f72c60bf8e6f45b9274650c27d3723b4a1c6386df201ce",
    "https://esm.sh/@supabase/realtime-js@2.98.0?target=denonext": "02750d6dfd61ed8385e9512f27718c0120145744dc0e44256ae5d515d0edc5cb",
    "https://esm.sh/@supabase/storage-js@2.98.0/denonext/storage-js.mjs": "8d3b1e4c8777511f1d2c542130203d6a3a627d93461846f727a912ca79ecfdac",
    "https://esm.sh/@supabase/storage-js@2.98.0?target=denonext": "83ee5b7b67168db4700bf4ca1a1f4b58d4f4d7bdd8e2a143824a3ae6f846594d",
    "https://esm.sh/@supabase/supabase-js@2.39.3": "832d7714491bd1c8a9008a332b35cb099f24b451ad79e755ecf4d71985fd6610",
    "https://esm.sh/@supabase/supabase-js@2.39.3/denonext/supabase-js.mjs": "054f4cd1560fa814cdc10d06c0809b00d0817dc06a072fa983e4c023e4346439",
    "https://esm.sh/ajv@8.12.0": "b665dca68a48b8c113f692f2ef02485f3ed0b86886df544709f36e4302749c61",
    "https://esm.sh/ajv@8.12.0/denonext/ajv.mjs": "847f07138e670421c0b180e6e73d9b4871fb98429486cad6ed75da223d95f886",
    "https://esm.sh/fast-deep-equal@3.1.3/denonext/fast-deep-equal.mjs": "66e5d717af5e6a08366cc6aa421af1838a773895070bfee46c45102adf7ddc5f",
    "https://esm.sh/fast-deep-equal@3.1.3?target=denonext": "2d47696bbd2c43a836e333ae5035542a56eb76e4fd728204c75eaaeea86c3b5c",
    "https://esm.sh/iceberg-js@0.8.1/denonext/iceberg-js.mjs": "d839d81a2e3966500ca2cdd0c1cb458e9608bacfc91f7bb67a69b2e878dcdb4f",
    "https://esm.sh/iceberg-js@0.8.1?target=denonext": "58c849d7fe2bf4eca4a84eb501e83c161a7d8c34ca1bec15a962b3bec3062633",
    "https://esm.sh/jose@5.2.0": "d26dace73b072827f432acc81ccfb158d906272f2001d408bdcaad56542d8ee2",
    "https://esm.sh/jose@5.2.0/denonext/base64url.mjs": "e317277d8352b48044ae94ee6e66b4d0b29ba06a79cf97198e4bd66075028aa0",
    "https://esm.sh/jose@5.2.0/denonext/dist/browser/lib/buffer_utils.mjs": "10ae3123574932daec9a438d060fbfdf85f95346f05a9d676f3d1d11cc4aaabb",
    "https://esm.sh/jose@5.2.0/denonext/dist/browser/runtime/base64url.mjs": "4854224e568a8e37fb6b826b069a81d86e0bac41c613f5c938e02b253378acee",
    "https://esm.sh/jose@5.2.0/denonext/dist/browser/runtime/digest.mjs": "dc6654048ed80c39b73a998a9bb91a0c1e37470f00eda5380f246d6c3f9ddbb2",
    "https://esm.sh/jose@5.2.0/denonext/dist/browser/runtime/webcrypto.mjs": "c74887ad44eab73e827bc2579b6ca6171979b1c37a3a7dca2c34eaefd5d7cf74",
    "https://esm.sh/jose@5.2.0/denonext/errors.mjs": "b23f39f0fe6db070f43b5a8a176e4268571984dc70c58167dad9463c437406e4",
    "https://esm.sh/jose@5.2.0/denonext/jose.mjs": "9aa7937c99a2bad50acfd351c940b729f2a8d08f73550b7dd37d105c3ededc93",
    "https://esm.sh/json-schema-traverse@1.0.0/denonext/json-schema-traverse.mjs": "4cd3fc9a056d4498d24e4862b19aa93f72f4f7785a00573b0c579576faa1783b",
    "https://esm.sh/json-schema-traverse@1.0.0?target=denonext": "3e60200c0d28b5e081db526a78c7911c094fd64c92484ebe050becb8f69788bb",
    "https://esm.sh/mustache@4.2.0": "59e481b3b41049a1b6e0806c3c58d9df6ef9da4195a6a8b52bcdab13fb616de3",
    "https://esm.sh/mustache@4.2.0/denonext/mustache.mjs": "8a90a398468999468a8e9abb6b93b459b698eed6844ee30c450490363890ba2a",
    "https://esm.sh/tr46@0.0.3/denonext/tr46.mjs": "5753ec0a99414f4055f0c1f97691100f13d88e48a8443b00aebb90a512785fa2",
    "https://esm.sh/tr46@0.0.3?target=denonext": "19cb9be0f0d418a0c3abb81f2df31f080e9540a04e43b0f699bce1149cba0cbb",
    "https://esm.sh/tslib@2.8.1/denonext/tslib.mjs": "c38da5dd6da6281964435002ce204cd586634fe3bdfb24a0ee116f48cf3292e9",
    "https://esm.sh/uri-js@4.4.1/denonext/uri-js.mjs": "b05c9dba7b484f026ad5f49e9dc5189635e621937b05aa461c0b7aede95b3365",
    "https://esm.sh/uri-js@4.4.1?target=denonext": "712c0abb88b934bb78fe2919ee64eb73cd17a09867993f879cfe422c15b4172a",
    "https://esm.sh/webidl-conversions@3.0.1/denonext/webidl-conversions.mjs": "238cd0743827707cbc1c2d7c2cf1027dbc536fb53ec9a3fde0ff8026a3ac5385",
    "https://esm.sh/webidl-conversions@3.0.1?target=denonext": "4e20318d50528084616c79d7b3f6e7f0fe7b6d09013bd01b3974d7448d767e29",
    "https://esm.sh/whatwg-url@5.0.0/denonext/whatwg-url.mjs": "29b16d74ee72624c915745bbd25b617cfd2248c6af0f5120d131e232a9a9af79",
    "https://esm.sh/whatwg-url@5.0.0?target=denonext": "f001a2cadf81312d214ca330033f474e74d81a003e21e8c5d70a1f46dc97b02d"
  },
  "workspace": {
    "dependencies": [
      "npm:@sentry/deno@8.55.2"
    ]
  }
}
